{
    "_readme": [
        "This file locks the dependencies of your project to a known state",
        "Read more about it at https://getcomposer.org/doc/01-basic-usage.md#installing-dependencies",
        "This file is @generated automatically"
    ],
    "content-hash": "c4d412e4438ad2680308c7088a33d018",
    "packages": [
        {
            "name": "ayesh/php-timer",
            "version": "v2.2.0",
            "source": {
                "type": "git",
                "url": "https://github.com/Ayesh/php-timer.git",
                "reference": "82677af155eb3b7083ffcdad58c80a66fbbec8a1"
            },
            "dist": {
                "type": "zip",
                "url": "https://api.github.com/repos/Ayesh/php-timer/zipball/82677af155eb3b7083ffcdad58c80a66fbbec8a1",
                "reference": "82677af155eb3b7083ffcdad58c80a66fbbec8a1",
                "shasum": ""
            },
            "require": {
                "php": "^7.3 || ^8.0"
            },
            "require-dev": {
                "phpunit/phpunit": "^9.0",
                "symfony/phpunit-bridge": "^4.0"
            },
            "type": "library",
            "autoload": {
                "psr-4": {
                    "Ayesh\\PHP_Timer\\": "src/"
                }
            },
            "notification-url": "https://packagist.org/downloads/",
            "license": [
                "MIT"
            ],
            "authors": [
                {
                    "name": "Ayesh Karunaratne",
                    "email": "ayesh@ayesh.me",
                    "homepage": "https://ayesh.me",
                    "role": "Author"
                }
            ],
            "description": "High-resolution and monotonic stop-watch for all your needs. Supports timer start, pause, resume, stop, read, and minimal conversion.",
            "homepage": "https://github.com/ayesh/php-timer",
            "keywords": [
                "benchmark",
                "performance",
                "stopwatch",
                "time",
                "timer"
            ],
            "support": {
                "issues": "https://github.com/Ayesh/php-timer/issues",
                "source": "https://github.com/Ayesh/php-timer"
            },
            "time": "2020-12-18T11:37:14+00:00"
        },
        {
            "name": "clue/graph",
            "version": "v0.9.3",
            "source": {
                "type": "git",
                "url": "https://github.com/graphp/graph.git",
                "reference": "d1661c0a0e011a8550fa60ae5354f230d1555909"
            },
            "dist": {
                "type": "zip",
                "url": "https://api.github.com/repos/graphp/graph/zipball/d1661c0a0e011a8550fa60ae5354f230d1555909",
                "reference": "d1661c0a0e011a8550fa60ae5354f230d1555909",
                "shasum": ""
            },
            "require": {
                "php": ">=5.3"
            },
            "require-dev": {
                "phpunit/phpunit": "^9.3 || ^5.7 || ^4.8.35"
            },
            "suggest": {
                "graphp/algorithms": "Common graph algorithms, such as Dijkstra and Moore-Bellman-Ford (shortest path), minimum spanning tree (MST), Kruskal, Prim and many more..",
                "graphp/graphviz": "GraphViz graph drawing / DOT output"
            },
            "type": "library",
            "autoload": {
                "psr-4": {
                    "Fhaculty\\Graph\\": "src/"
                }
            },
            "notification-url": "https://packagist.org/downloads/",
            "license": [
                "MIT"
            ],
            "authors": [
                {
                    "name": "Christian Lück",
                    "email": "christian@clue.engineering"
                }
            ],
            "description": "GraPHP is the mathematical graph/network library written in PHP.",
            "homepage": "https://github.com/graphp/graph",
            "keywords": [
                "edge",
                "graph",
                "mathematical",
                "network",
                "vertex"
            ],
            "support": {
                "issues": "https://github.com/graphp/graph/issues",
                "source": "https://github.com/graphp/graph/tree/v0.9.3"
            },
            "funding": [
                {
                    "url": "https://clue.engineering/support",
                    "type": "custom"
                },
                {
                    "url": "https://github.com/clue",
                    "type": "github"
                }
            ],
            "time": "2021-12-30T09:22:01+00:00"
        },
        {
            "name": "graphp/algorithms",
            "version": "v0.8.2",
            "source": {
                "type": "git",
                "url": "https://github.com/graphp/algorithms.git",
                "reference": "abebbc44109f65c2962cd66f048ea3b8563e0a4a"
            },
            "dist": {
                "type": "zip",
                "url": "https://api.github.com/repos/graphp/algorithms/zipball/abebbc44109f65c2962cd66f048ea3b8563e0a4a",
                "reference": "abebbc44109f65c2962cd66f048ea3b8563e0a4a",
                "shasum": ""
            },
            "require": {
                "clue/graph": "~0.9.0|~0.8.0",
                "php": ">=5.3"
            },
            "require-dev": {
                "phpunit/phpunit": "^6.4 || ^5.7 || ^4.8.35"
            },
            "type": "library",
            "autoload": {
                "psr-4": {
                    "Graphp\\Algorithms\\": "src/"
                }
            },
            "notification-url": "https://packagist.org/downloads/",
            "license": [
                "MIT"
            ],
            "authors": [
                {
                    "name": "Christian Lück",
                    "email": "christian@clue.engineering"
                }
            ],
            "description": "Common mathematical graph algorithms implemented in PHP",
            "homepage": "https://github.com/graphp/algorithms",
            "keywords": [
                "Graph algorithms",
                "dijkstra",
                "kruskal",
                "minimum spanning tree",
                "moore-bellman-ford",
                "prim",
                "shortest path"
            ],
            "support": {
                "issues": "https://github.com/graphp/algorithms/issues",
                "source": "https://github.com/graphp/algorithms/tree/v0.8.2"
            },
            "time": "2020-02-20T18:01:41+00:00"
        },
        {
            "name": "graphp/graphviz",
            "version": "v0.2.2",
            "source": {
                "type": "git",
                "url": "https://github.com/graphp/graphviz.git",
                "reference": "5cc4466223ca46fffa196d1e762fae164319c229"
            },
            "dist": {
                "type": "zip",
                "url": "https://api.github.com/repos/graphp/graphviz/zipball/5cc4466223ca46fffa196d1e762fae164319c229",
                "reference": "5cc4466223ca46fffa196d1e762fae164319c229",
                "shasum": ""
            },
            "require": {
                "clue/graph": "~0.9.0|~0.8.0",
                "php": ">=5.3.0"
            },
            "require-dev": {
                "phpunit/phpunit": "^6.4 || ^5.7 || ^4.8.35"
            },
            "type": "library",
            "autoload": {
                "psr-4": {
                    "Graphp\\GraphViz\\": "src/"
                }
            },
            "notification-url": "https://packagist.org/downloads/",
            "license": [
                "MIT"
            ],
            "description": "GraphViz graph drawing for the mathematical graph/network library GraPHP.",
            "homepage": "https://github.com/graphp/graphviz",
            "keywords": [
                "dot output",
                "graph drawing",
                "graph image",
                "graphp",
                "graphviz"
            ],
            "support": {
                "issues": "https://github.com/graphp/graphviz/issues",
                "source": "https://github.com/graphp/graphviz/tree/v0.2.2"
            },
            "time": "2019-10-04T13:30:55+00:00"
        },
        {
            "name": "jmgq/a-star",
            "version": "v2.1.1",
            "source": {
                "type": "git",
                "url": "https://github.com/jmgq/php-a-star.git",
                "reference": "7a6553e6ceafbcb35afdca5e274f99d021a03e3c"
            },
            "dist": {
                "type": "zip",
                "url": "https://api.github.com/repos/jmgq/php-a-star/zipball/7a6553e6ceafbcb35afdca5e274f99d021a03e3c",
                "reference": "7a6553e6ceafbcb35afdca5e274f99d021a03e3c",
                "shasum": ""
            },
            "require": {
                "php": ">=8.0"
            },
            "require-dev": {
                "phan/phan": "^5.0",
                "php-coveralls/php-coveralls": "^2.0",
                "phpstan/phpstan": "^1.0",
                "phpunit/phpunit": "^9.0",
                "psalm/plugin-phpunit": "^0.15.1",
                "squizlabs/php_codesniffer": "^3.0",
                "symfony/console": "^5.0",
                "vimeo/psalm": "^4.5"
            },
            "type": "library",
            "autoload": {
                "psr-4": {
                    "JMGQ\\AStar\\": "src/"
                }
            },
            "notification-url": "https://packagist.org/downloads/",
            "license": [
                "MIT"
            ],
            "authors": [
                {
                    "name": "Jose Gonzalez",
                    "email": "jmgq@jmgq.es",
                    "homepage": "https://www.jmgq.es"
                }
            ],
            "description": "A* (A Star) algorithm for PHP",
            "keywords": [
                "Algorithm",
                "a",
                "a star",
                "pathfinding",
                "search"
            ],
            "support": {
                "issues": "https://github.com/jmgq/php-a-star/issues",
                "source": "https://github.com/jmgq/php-a-star/tree/v2.1.1"
            },
            "time": "2022-01-02T19:02:36+00:00"
        },
        {
            "name": "markrogoyski/math-php",
            "version": "v2.8.1",
            "source": {
                "type": "git",
                "url": "https://github.com/markrogoyski/math-php.git",
                "reference": "ea4f212732c333c62123c6f733edfb735a4e3abd"
            },
            "dist": {
                "type": "zip",
                "url": "https://api.github.com/repos/markrogoyski/math-php/zipball/ea4f212732c333c62123c6f733edfb735a4e3abd",
                "reference": "ea4f212732c333c62123c6f733edfb735a4e3abd",
                "shasum": ""
            },
            "require": {
                "ext-json": "*",
                "php": ">=7.2.0"
            },
            "require-dev": {
                "php-coveralls/php-coveralls": "^2.0",
                "php-parallel-lint/php-parallel-lint": "^1.2",
                "phploc/phploc": "*",
                "phpmd/phpmd": "^2.6",
                "phpstan/phpstan": "^1.10",
                "phpunit/phpunit": "^8.5",
                "squizlabs/php_codesniffer": "3.*"
            },
            "type": "library",
            "autoload": {
                "psr-4": {
                    "MathPHP\\": "src/"
                }
            },
            "notification-url": "https://packagist.org/downloads/",
            "license": [
                "MIT"
            ],
            "authors": [
                {
                    "name": "Mark Rogoyski",
                    "email": "mark@rogoyski.com",
                    "homepage": "https://github.com/markrogoyski",
                    "role": "Lead developer"
                },
                {
                    "name": "Kevin Nowaczyk",
                    "homepage": "https://github.com/Beakerboy",
                    "role": "Developer"
                },
                {
                    "name": "MathPHP Community of Contributors",
                    "homepage": "https://github.com/markrogoyski/math-php/graphs/contributors"
                }
            ],
            "description": "Math Library for PHP. Features descriptive statistics and regressions; Continuous and discrete probability distributions; Linear algebra with matrices and vectors, Numerical analysis; special mathematical functions; Algebra",
            "homepage": "https://github.com/markrogoyski/math-php/",
            "keywords": [
                "algebra",
                "combinatorics",
                "distributions",
                "linear algebra",
                "math",
                "mathematics",
                "matrix",
                "numerical analysis",
                "probability",
                "regressions",
                "statistics"
            ],
            "support": {
                "issues": "https://github.com/markrogoyski/math-php/issues",
                "source": "https://github.com/markrogoyski/math-php/tree/v2.8.1"
            },
            "time": "2023-05-19T04:40:46+00:00"
        },
        {
            "name": "mjaschen/phpgeo",
            "version": "5.0.0",
            "source": {
                "type": "git",
                "url": "https://github.com/mjaschen/phpgeo.git",
                "reference": "20524a47c8edc76364c7373911224a710aeb1cae"
            },
            "dist": {
                "type": "zip",
                "url": "https://api.github.com/repos/mjaschen/phpgeo/zipball/20524a47c8edc76364c7373911224a710aeb1cae",
                "reference": "20524a47c8edc76364c7373911224a710aeb1cae",
                "shasum": ""
            },
            "require": {
                "php": "^8.1"
            },
            "require-dev": {
                "phpunit/phpunit": "^10.0",
                "squizlabs/php_codesniffer": "^3.7",
                "vimeo/psalm": "^5.0"
            },
            "type": "library",
            "autoload": {
                "psr-4": {
                    "Location\\": "src/"
                }
            },
            "notification-url": "https://packagist.org/downloads/",
            "license": [
                "MIT"
            ],
            "authors": [
                {
                    "name": "Marcus Jaschen",
                    "email": "mjaschen@gmail.com",
                    "homepage": "https://www.marcusjaschen.de/"
                }
            ],
            "description": "Simple Yet Powerful Geo Library",
            "homepage": "https://phpgeo.marcusjaschen.de/",
            "keywords": [
                "Polygon",
                "area",
                "bearing",
                "bounds",
                "calculation",
                "coordinate",
                "distance",
                "earth",
                "ellipsoid",
                "geo",
                "geofence",
                "gis",
                "gps",
                "haversine",
                "length",
                "perpendicular",
                "point",
                "polyline",
                "projection",
                "simplify",
                "track",
                "vincenty"
            ],
            "support": {
                "docs": "https://phpgeo.marcusjaschen.de/Installation.html",
                "email": "mjaschen@gmail.com",
                "issues": "https://github.com/mjaschen/phpgeo/issues",
                "source": "https://github.com/mjaschen/phpgeo/tree/5.0.0"
            },
            "funding": [
                {
                    "url": "https://www.paypal.com/paypalme/mjaschen",
                    "type": "custom"
                },
                {
                    "url": "https://github.com/mjaschen",
                    "type": "github"
                }
            ],
            "time": "2023-12-07T09:53:11+00:00"
        },
        {
            "name": "phayes/geophp",
            "version": "1.2",
            "source": {
                "type": "git",
                "url": "https://github.com/phayes/geoPHP.git",
                "reference": "015404e85b602e0df1f91441f8db0f9e98f7e567"
            },
            "dist": {
                "type": "zip",
                "url": "https://api.github.com/repos/phayes/geoPHP/zipball/015404e85b602e0df1f91441f8db0f9e98f7e567",
                "reference": "015404e85b602e0df1f91441f8db0f9e98f7e567",
                "shasum": ""
            },
            "require-dev": {
                "phpunit/phpunit": "4.1.*"
            },
            "type": "library",
            "autoload": {
                "classmap": [
                    "geoPHP.inc"
                ]
            },
            "notification-url": "https://packagist.org/downloads/",
            "license": [
                "GPL-2 or New-BSD"
            ],
            "authors": [
                {
                    "name": "Patrick Hayes"
                }
            ],
            "description": "GeoPHP is a open-source native PHP library for doing geometry operations. It is written entirely in PHP and can therefore run on shared hosts. It can read and write a wide variety of formats: WKT (including EWKT), WKB (including EWKB), GeoJSON, KML, GPX, GeoRSS). It works with all Simple-Feature geometries (Point, LineString, Polygon, GeometryCollection etc.) and can be used to get centroids, bounding-boxes, area, and a wide variety of other useful information.",
            "homepage": "https://github.com/phayes/geoPHP",
            "support": {
                "issues": "https://github.com/phayes/geoPHP/issues",
                "source": "https://github.com/phayes/geoPHP/tree/master"
            },
            "time": "2014-12-02T06:11:22+00:00"
        }
    ],
    "packages-dev": [],
    "aliases": [],
    "minimum-stability": "stable",
    "stability-flags": [],
    "prefer-stable": false,
    "prefer-lowest": false,
    "platform": {
        "ext-gmp": "*",
        "ext-gd": "*"
    },
    "platform-dev": [],
    "plugin-api-version": "2.2.0"
}
